// !$*UTF8*$!
{
	archiveVersion = 1;
	classes = {
	};
	objectVersion = 46;
	objects = {

/* Begin PBXBuildFile section */
		59645F471AA235CA000BDA25 /* mac-size.c in Sources */ = {isa = PBXBuildFile; fileRef = 59645F461AA235CA000BDA25 /* mac-size.c */; };
		59645F491AA2369F000BDA25 /* CoreFoundation.framework in Frameworks */ = {isa = PBXBuildFile; fileRef = 59645F481AA2369F000BDA25 /* CoreFoundation.framework */; };
		59645F4B1AA236A6000BDA25 /* IOKit.framework in Frameworks */ = {isa = PBXBuildFile; fileRef = 59645F4A1AA236A6000BDA25 /* IOKit.framework */; };
		FFD708650EE669A60026C014 /* diskfile.c in Sources */ = {isa = PBXBuildFile; fileRef = FFD708640EE669A60026C014 /* diskfile.c */; };
		FFD708760EE66DA70026C014 /* main.c in Sources */ = {isa = PBXBuildFile; fileRef = FFD708750EE66DA70026C014 /* main.c */; };
/* End PBXBuildFile section */

/* Begin PBXCopyFilesBuildPhase section */
		8DD76FAF0486AB0100D96B5E /* CopyFiles */ = {
			isa = PBXCopyFilesBuildPhase;
			buildActionMask = 8;
			dstPath = /usr/share/man/man1/;
			dstSubfolderSpec = 0;
			files = (
			);
			runOnlyForDeploymentPostprocessing = 1;
		};
/* End PBXCopyFilesBuildPhase section */

/* Begin PBXFileReference section */
		590E4FEE13245F4300DE04EB /* diskfile.h */ = {isa = PBXFileReference; fileEncoding = 4; lastKnownFileType = sourcecode.c.h; path = diskfile.h; sourceTree = "<group>"; };
		59645F461AA235CA000BDA25 /* mac-size.c */ = {isa = PBXFileReference; fileEncoding = 4; lastKnownFileType = sourcecode.c.c; path = "mac-size.c"; sourceTree = "<group>"; };
		59645F481AA2369F000BDA25 /* CoreFoundation.framework */ = {isa = PBXFileReference; lastKnownFileType = wrapper.framework; name = CoreFoundation.framework; path = System/Library/Frameworks/CoreFoundation.framework; sourceTree = SDKROOT; };
		59645F4A1AA236A6000BDA25 /* IOKit.framework */ = {isa = PBXFileReference; lastKnownFileType = wrapper.framework; name = IOKit.framework; path = System/Library/Frameworks/IOKit.framework; sourceTree = SDKROOT; };
		8DD76FB20486AB0100D96B5E /* diskfile */ = {isa = PBXFileReference; explicitFileType = "compiled.mach-o.executable"; includeInIndex = 0; path = diskfile; sourceTree = BUILT_PRODUCTS_DIR; };
		FFD708640EE669A60026C014 /* diskfile.c */ = {isa = PBXFileReference; fileEncoding = 4; lastKnownFileType = sourcecode.c.c; path = diskfile.c; sourceTree = "<group>"; };
		FFD708750EE66DA70026C014 /* main.c */ = {isa = PBXFileReference; fileEncoding = 4; lastKnownFileType = sourcecode.c.c; path = main.c; sourceTree = "<group>"; };
/* End PBXFileReference section */

/* Begin PBXFrameworksBuildPhase section */
		8DD76FAD0486AB0100D96B5E /* Frameworks */ = {
			isa = PBXFrameworksBuildPhase;
			buildActionMask = 2147483647;
			files = (
				59645F4B1AA236A6000BDA25 /* IOKit.framework in Frameworks */,
				59645F491AA2369F000BDA25 /* CoreFoundation.framework in Frameworks */,
			);
			runOnlyForDeploymentPostprocessing = 0;
		};
/* End PBXFrameworksBuildPhase section */

/* Begin PBXGroup section */
		08FB7794FE84155DC02AAC07 /* diskfile */ = {
			isa = PBXGroup;
			children = (
				08FB7795FE84155DC02AAC07 /* Source */,
				59645F4E1AA236D6000BDA25 /* Libraries */,
				1AB674ADFE9D54B511CA2CBB /* Products */,
			);
			name = diskfile;
			sourceTree = "<group>";
		};
		08FB7795FE84155DC02AAC07 /* Source */ = {
			isa = PBXGroup;
			children = (
				59645F461AA235CA000BDA25 /* mac-size.c */,
				590E4FEE13245F4300DE04EB /* diskfile.h */,
				FFD708640EE669A60026C014 /* diskfile.c */,
				FFD708750EE66DA70026C014 /* main.c */,
			);
			name = Source;
			sourceTree = "<group>";
		};
		1AB674ADFE9D54B511CA2CBB /* Products */ = {
			isa = PBXGroup;
			children = (
				8DD76FB20486AB0100D96B5E /* diskfile */,
			);
			name = Products;
			sourceTree = "<group>";
		};
		59645F4E1AA236D6000BDA25 /* Libraries */ = {
			isa = PBXGroup;
			children = (
				59645F4A1AA236A6000BDA25 /* IOKit.framework */,
				59645F481AA2369F000BDA25 /* CoreFoundation.framework */,
			);
			name = Libraries;
			sourceTree = "<group>";
		};
/* End PBXGroup section */

/* Begin PBXNativeTarget section */
		8DD76FA90486AB0100D96B5E /* diskfile */ = {
			isa = PBXNativeTarget;
			buildConfigurationList = 1DEB928508733DD80010E9CD /* Build configuration list for PBXNativeTarget "diskfile" */;
			buildPhases = (
				8DD76FAB0486AB0100D96B5E /* Sources */,
				8DD76FAD0486AB0100D96B5E /* Frameworks */,
				8DD76FAF0486AB0100D96B5E /* CopyFiles */,
			);
			buildRules = (
			);
			dependencies = (
			);
			name = diskfile;
			productInstallPath = "$(HOME)/bin";
			productName = diskfile;
			productReference = 8DD76FB20486AB0100D96B5E /* diskfile */;
			productType = "com.apple.product-type.tool";
		};
/* End PBXNativeTarget section */

/* Begin PBXProject section */
		08FB7793FE84155DC02AAC07 /* Project object */ = {
			isa = PBXProject;
			attributes = {
				LastUpgradeCheck = 0610;
			};
			buildConfigurationList = 1DEB928908733DD80010E9CD /* Build configuration list for PBXProject "diskfile" */;
			compatibilityVersion = "Xcode 3.2";
			developmentRegion = English;
			hasScannedForEncodings = 1;
			knownRegions = (
				English,
				Japanese,
				French,
				German,
			);
			mainGroup = 08FB7794FE84155DC02AAC07 /* diskfile */;
			projectDirPath = "";
			projectRoot = "";
			targets = (
				8DD76FA90486AB0100D96B5E /* diskfile */,
			);
		};
/* End PBXProject section */

/* Begin PBXSourcesBuildPhase section */
		8DD76FAB0486AB0100D96B5E /* Sources */ = {
			isa = PBXSourcesBuildPhase;
			buildActionMask = 2147483647;
			files = (
				FFD708650EE669A60026C014 /* diskfile.c in Sources */,
				FFD708760EE66DA70026C014 /* main.c in Sources */,
				59645F471AA235CA000BDA25 /* mac-size.c in Sources */,
			);
			runOnlyForDeploymentPostprocessing = 0;
		};
/* End PBXSourcesBuildPhase section */

/* Begin XCBuildConfiguration section */
		1DEB928608733DD80010E9CD /* Debug */ = {
			isa = XCBuildConfiguration;
			buildSettings = {
				GCC_ENABLE_FIX_AND_CONTINUE = YES;
				HEADER_SEARCH_PATHS = /usr/local/include/osxfuse/fuse;
				LIBRARY_SEARCH_PATHS = /usr/local/lib;
				OTHER_CFLAGS = (
					"-D_FILE_OFFSET_BITS=64",
					"-D_DARWIN_USE_64_BIT_INODE",
					"-DFUSE_USE_VERSION=26",
				);
				OTHER_LDFLAGS = "-losxfuse";
				PRODUCT_NAME = diskfile;
			};
			name = Debug;
		};
		1DEB928708733DD80010E9CD /* Release */ = {
			isa = XCBuildConfiguration;
			buildSettings = {
				HEADER_SEARCH_PATHS = /usr/local/include/osxfuse/fuse;
				LIBRARY_SEARCH_PATHS = /usr/local/lib;
				OTHER_CFLAGS = (
					"-D_FILE_OFFSET_BITS=64",
					"-D_DARWIN_USE_64_BIT_INODE",
					"-DFUSE_USE_VERSION=26",
				);
				OTHER_LDFLAGS = "-losxfuse";
				PRODUCT_NAME = diskfile;
			};
			name = Release;
		};
		1DEB928A08733DD80010E9CD /* Debug */ = {
			isa = XCBuildConfiguration;
			buildSettings = {
				GCC_C_LANGUAGE_STANDARD = c99;
				GCC_OPTIMIZATION_LEVEL = 0;
				GCC_WARN_ABOUT_RETURN_TYPE = YES;
				GCC_WARN_UNUSED_VARIABLE = YES;
				ONLY_ACTIVE_ARCH = YES;
				PREBINDING = NO;
				SDKROOT = macosx;
			};
			name = Debug;
		};
		1DEB928B08733DD80010E9CD /* Release */ = {
			isa = XCBuildConfiguration;
			buildSettings = {
				GCC_C_LANGUAGE_STANDARD = c99;
				GCC_WARN_ABOUT_RETURN_TYPE = YES;
				GCC_WARN_UNUSED_VARIABLE = YES;
				PREBINDING = NO;
				SDKROOT = macosx;
			};
			name = Release;
		};
/* End XCBuildConfiguration section */

/* Begin XCConfigurationList section */
		1DEB928508733DD80010E9CD /* Build configuration list for PBXNativeTarget "diskfile" */ = {
			isa = XCConfigurationList;
			buildConfigurations = (
				1DEB928608733DD80010E9CD /* Debug */,
				1DEB928708733DD80010E9CD /* Release */,
			);
			defaultConfigurationIsVisible = 0;
			defaultConfigurationName = Release;
		};
		1DEB928908733DD80010E9CD /* Build configuration list for PBXProject "diskfile" */ = {
			isa = XCConfigurationList;
			buildConfigurations = (
				1DEB928A08733DD80010E9CD /* Debug */,
				1DEB928B08733DD80010E9CD /* Release */,
			);
			defaultConfigurationIsVisible = 0;
			defaultConfigurationName = Release;
		};
/* End XCConfigurationList section */
	};
	rootObject = 08FB7793FE84155DC02AAC07 /* Project object */;
}
